
Microsoft Visual Studio Solution File, Format Version 12.00
# Visual Studio Version 16
VisualStudioVersion = 16.0.29411.108
MinimumVisualStudioVersion = 10.0.40219.1
Project("{9A19103F-16F7-4668-BE54-9A1E7A4F7556}") = "ProgressionFramework", "ProgressionFramework\ProgressionFramework.csproj", "{7DD72243-7E43-42A7-889E-6B49AA0C8F51}"
EndProject
Project("{9A19103F-16F7-4668-BE54-9A1E7A4F7556}") = "InheritanceAndPolymorphism", "InheritanceAndPolymorphism\InheritanceAndPolymorphism.csproj", "{4F382314-3551-4F15-9F9F-ACC10240E8DC}"
EndProject
Project("{9A19103F-16F7-4668-BE54-9A1E7A4F7556}") = "Interfaces", "Interfaces\Interfaces.csproj", "{3818906A-3355-49A4-8D2B-C6F356279B29}"
EndProject
Project("{9A19103F-16F7-4668-BE54-9A1E7A4F7556}") = "Generics", "Generics\Generics.csproj", "{11DC02C5-437D-446A-BBA9-02256F5DB996}"
EndProject
Project("{FAE04EC0-301F-11D3-BF4B-00C04F79EFBC}") = "DataStructures", "DataStructures\DataStructures.csproj", "{BE02522C-5123-4B44-BACC-BF73F5AE5508}"
EndProject
Global
	GlobalSection(SolutionConfigurationPlatforms) = preSolution
		Debug|Any CPU = Debug|Any CPU
		Release|Any CPU = Release|Any CPU
	EndGlobalSection
	GlobalSection(ProjectConfigurationPlatforms) = postSolution
		{7DD72243-7E43-42A7-889E-6B49AA0C8F51}.Debug|Any CPU.ActiveCfg = Debug|Any CPU
		{7DD72243-7E43-42A7-889E-6B49AA0C8F51}.Debug|Any CPU.Build.0 = Debug|Any CPU
		{7DD72243-7E43-42A7-889E-6B49AA0C8F51}.Release|Any CPU.ActiveCfg = Release|Any CPU
		{7DD72243-7E43-42A7-889E-6B49AA0C8F51}.Release|Any CPU.Build.0 = Release|Any CPU
		{4F382314-3551-4F15-9F9F-ACC10240E8DC}.Debug|Any CPU.ActiveCfg = Debug|Any CPU
		{4F382314-3551-4F15-9F9F-ACC10240E8DC}.Debug|Any CPU.Build.0 = Debug|Any CPU
		{4F382314-3551-4F15-9F9F-ACC10240E8DC}.Release|Any CPU.ActiveCfg = Release|Any CPU
		{4F382314-3551-4F15-9F9F-ACC10240E8DC}.Release|Any CPU.Build.0 = Release|Any CPU
		{3818906A-3355-49A4-8D2B-C6F356279B29}.Debug|Any CPU.ActiveCfg = Debug|Any CPU
		{3818906A-3355-49A4-8D2B-C6F356279B29}.Debug|Any CPU.Build.0 = Debug|Any CPU
		{3818906A-3355-49A4-8D2B-C6F356279B29}.Release|Any CPU.ActiveCfg = Release|Any CPU
		{3818906A-3355-49A4-8D2B-C6F356279B29}.Release|Any CPU.Build.0 = Release|Any CPU
		{11DC02C5-437D-446A-BBA9-02256F5DB996}.Debug|Any CPU.ActiveCfg = Debug|Any CPU
		{11DC02C5-437D-446A-BBA9-02256F5DB996}.Debug|Any CPU.Build.0 = Debug|Any CPU
		{11DC02C5-437D-446A-BBA9-02256F5DB996}.Release|Any CPU.ActiveCfg = Release|Any CPU
		{11DC02C5-437D-446A-BBA9-02256F5DB996}.Release|Any CPU.Build.0 = Release|Any CPU
		{BE02522C-5123-4B44-BACC-BF73F5AE5508}.Debug|Any CPU.ActiveCfg = Debug|Any CPU
		{BE02522C-5123-4B44-BACC-BF73F5AE5508}.Debug|Any CPU.Build.0 = Debug|Any CPU
		{BE02522C-5123-4B44-BACC-BF73F5AE5508}.Release|Any CPU.ActiveCfg = Release|Any CPU
		{BE02522C-5123-4B44-BACC-BF73F5AE5508}.Release|Any CPU.Build.0 = Release|Any CPU
	EndGlobalSection
	GlobalSection(SolutionProperties) = preSolution
		HideSolutionNode = FALSE
	EndGlobalSection
	GlobalSection(ExtensibilityGlobals) = postSolution
		SolutionGuid = {FBBD3DFA-D2ED-4FB7-B93E-DFDB453EDC07}
	EndGlobalSection
EndGlobal
